
Microsoft Visual Studio Solution File, Format Version 12.00
# Visual Studio Version 16
VisualStudioVersion = 16.0.29424.173
MinimumVisualStudioVersion = 10.0.40219.1
Project("{9A19103F-16F7-4668-BE54-9A1E7A4F7556}") = "MTProto.NET", "MTProto.NET\MTProto.NET.csproj", "{BDCC7327-1EE1-4BAE-A849-3D28A8EED373}"
EndProject
Global
	GlobalSection(SolutionConfigurationPlatforms) = preSolution
		Debug|Any CPU = Debug|Any CPU
		Release|Any CPU = Release|Any CPU
	EndGlobalSection
	GlobalSection(ProjectConfigurationPlatforms) = postSolution
		{BDCC7327-1EE1-4BAE-A849-3D28A8EED373}.Debug|Any CPU.ActiveCfg = Debug|Any CPU
		{BDCC7327-1EE1-4BAE-A849-3D28A8EED373}.Debug|Any CPU.Build.0 = Debug|Any CPU
		{BDCC7327-1EE1-4BAE-A849-3D28A8EED373}.Release|Any CPU.ActiveCfg = Release|Any CPU
		{BDCC7327-1EE1-4BAE-A849-3D28A8EED373}.Release|Any CPU.Build.0 = Release|Any CPU
	EndGlobalSection
	GlobalSection(SolutionProperties) = preSolution
		HideSolutionNode = FALSE
	EndGlobalSection
	GlobalSection(ExtensibilityGlobals) = postSolution
		SolutionGuid = {0B0CB7A3-4E26-426F-B968-DE3B736409DE}
	EndGlobalSection
EndGlobal
